
Microsoft Visual Studio Solution File, Format Version 12.00
# Visual Studio Version 17
VisualStudioVersion = 17.11.35222.181
MinimumVisualStudioVersion = 10.0.40219.1
Project("{FAE04EC0-301F-11D3-BF4B-00C04F79EFBC}") = "Merge_Sort", "Merge_Sort\Merge_Sort.csproj", "{A87E1868-6ADF-426D-97FD-C6E73995CA6C}"
EndProject
Global
	GlobalSection(SolutionConfigurationPlatforms) = preSolution
		Debug|Any CPU = Debug|Any CPU
		Release|Any CPU = Release|Any CPU
	EndGlobalSection
	GlobalSection(ProjectConfigurationPlatforms) = postSolution
		{A87E1868-6ADF-426D-97FD-C6E73995CA6C}.Debug|Any CPU.ActiveCfg = Debug|Any CPU
		{A87E1868-6ADF-426D-97FD-C6E73995CA6C}.Debug|Any CPU.Build.0 = Debug|Any CPU
		{A87E1868-6ADF-426D-97FD-C6E73995CA6C}.Release|Any CPU.ActiveCfg = Release|Any CPU
		{A87E1868-6ADF-426D-97FD-C6E73995CA6C}.Release|Any CPU.Build.0 = Release|Any CPU
	EndGlobalSection
	GlobalSection(SolutionProperties) = preSolution
		HideSolutionNode = FALSE
	EndGlobalSection
	GlobalSection(ExtensibilityGlobals) = postSolution
		SolutionGuid = {961D4CC7-01CB-4DAA-B24F-CA8EF8677A61}
	EndGlobalSection
EndGlobal
